
Microsoft Visual Studio Solution File, Format Version 12.00
# Visual Studio Version 16
VisualStudioVersion = 16.0.31515.178
MinimumVisualStudioVersion = 10.0.40219.1
Project("{FAE04EC0-301F-11D3-BF4B-00C04F79EFBC}") = "DemoApp", "DemoApp\DemoApp.csproj", "{F41281E4-5661-4B8A-9F50-020104679C0B}"
EndProject
Project("{FAE04EC0-301F-11D3-BF4B-00C04F79EFBC}") = "ProductEntity", "ProductEntity\ProductEntity.csproj", "{BA54E876-588C-4431-88B3-7F1794045EEE}"
EndProject
Global
	GlobalSection(SolutionConfigurationPlatforms) = preSolution
		Debug|Any CPU = Debug|Any CPU
		Release|Any CPU = Release|Any CPU
	EndGlobalSection
	GlobalSection(ProjectConfigurationPlatforms) = postSolution
		{F41281E4-5661-4B8A-9F50-020104679C0B}.Debug|Any CPU.ActiveCfg = Debug|Any CPU
		{F41281E4-5661-4B8A-9F50-020104679C0B}.Debug|Any CPU.Build.0 = Debug|Any CPU
		{F41281E4-5661-4B8A-9F50-020104679C0B}.Release|Any CPU.ActiveCfg = Release|Any CPU
		{F41281E4-5661-4B8A-9F50-020104679C0B}.Release|Any CPU.Build.0 = Release|Any CPU
		{BA54E876-588C-4431-88B3-7F1794045EEE}.Debug|Any CPU.ActiveCfg = Debug|Any CPU
		{BA54E876-588C-4431-88B3-7F1794045EEE}.Debug|Any CPU.Build.0 = Debug|Any CPU
		{BA54E876-588C-4431-88B3-7F1794045EEE}.Release|Any CPU.ActiveCfg = Release|Any CPU
		{BA54E876-588C-4431-88B3-7F1794045EEE}.Release|Any CPU.Build.0 = Release|Any CPU
	EndGlobalSection
	GlobalSection(SolutionProperties) = preSolution
		HideSolutionNode = FALSE
	EndGlobalSection
	GlobalSection(ExtensibilityGlobals) = postSolution
		SolutionGuid = {8768174B-A073-42B8-B583-51C144179FFC}
	EndGlobalSection
EndGlobal
